
Microsoft Visual Studio Solution File, Format Version 12.00
# Visual Studio Version 17
VisualStudioVersion = 17.9.34728.123
MinimumVisualStudioVersion = 10.0.40219.1
Project("{FAE04EC0-301F-11D3-BF4B-00C04F79EFBC}") = "Living Fountain", "Living Fountain\Living Fountain.csproj", "{CD933E53-D52B-4576-AF97-4A874FAE652F}"
EndProject
Global
	GlobalSection(SolutionConfigurationPlatforms) = preSolution
		Debug|Any CPU = Debug|Any CPU
		Release|Any CPU = Release|Any CPU
	EndGlobalSection
	GlobalSection(ProjectConfigurationPlatforms) = postSolution
		{CD933E53-D52B-4576-AF97-4A874FAE652F}.Debug|Any CPU.ActiveCfg = Debug|Any CPU
		{CD933E53-D52B-4576-AF97-4A874FAE652F}.Debug|Any CPU.Build.0 = Debug|Any CPU
		{CD933E53-D52B-4576-AF97-4A874FAE652F}.Release|Any CPU.ActiveCfg = Release|Any CPU
		{CD933E53-D52B-4576-AF97-4A874FAE652F}.Release|Any CPU.Build.0 = Release|Any CPU
	EndGlobalSection
	GlobalSection(SolutionProperties) = preSolution
		HideSolutionNode = FALSE
	EndGlobalSection
	GlobalSection(ExtensibilityGlobals) = postSolution
		SolutionGuid = {44E2380A-7E91-4AEF-8B0F-80C3C0951A05}
	EndGlobalSection
EndGlobal
